
Microsoft Visual Studio Solution File, Format Version 12.00
# Visual Studio Version 16
VisualStudioVersion = 16.0.30804.86
MinimumVisualStudioVersion = 10.0.40219.1
Project("{9A19103F-16F7-4668-BE54-9A1E7A4F7556}") = "BaslangicCSharp", "BaslangicCSharp.csproj", "{5134D095-FF8D-4866-8571-AE8FC85481D2}"
EndProject
Project("{9A19103F-16F7-4668-BE54-9A1E7A4F7556}") = "Loops", "..\Loops\Loops.csproj", "{06CC3E5E-8743-4517-B65B-BD8FCB9C427E}"
EndProject
Project("{9A19103F-16F7-4668-BE54-9A1E7A4F7556}") = "Class", "..\Class\Class.csproj", "{5F062F49-BD40-4E5F-9B92-9BB6859BD59F}"
EndProject
Project("{FAE04EC0-301F-11D3-BF4B-00C04F79EFBC}") = "Metotlar", "..\Metotlar\Metotlar.csproj", "{EBCC9062-131C-450F-82CA-7C0AAAABA534}"
EndProject
Project("{FAE04EC0-301F-11D3-BF4B-00C04F79EFBC}") = "Matematik", "..\Matematik\Matematik.csproj", "{C2F6F932-9107-4A4C-914C-B1BE5CA8CB51}"
EndProject
Project("{FAE04EC0-301F-11D3-BF4B-00C04F79EFBC}") = "DegerVeReferansTipler", "..\DegerVeReferansTipler\DegerVeReferansTipler.csproj", "{CFE7A2B4-8527-442C-B3C1-804F1C5BB3BB}"
EndProject
Global
	GlobalSection(SolutionConfigurationPlatforms) = preSolution
		Debug|Any CPU = Debug|Any CPU
		Release|Any CPU = Release|Any CPU
	EndGlobalSection
	GlobalSection(ProjectConfigurationPlatforms) = postSolution
		{5134D095-FF8D-4866-8571-AE8FC85481D2}.Debug|Any CPU.ActiveCfg = Debug|Any CPU
		{5134D095-FF8D-4866-8571-AE8FC85481D2}.Debug|Any CPU.Build.0 = Debug|Any CPU
		{5134D095-FF8D-4866-8571-AE8FC85481D2}.Release|Any CPU.ActiveCfg = Release|Any CPU
		{5134D095-FF8D-4866-8571-AE8FC85481D2}.Release|Any CPU.Build.0 = Release|Any CPU
		{06CC3E5E-8743-4517-B65B-BD8FCB9C427E}.Debug|Any CPU.ActiveCfg = Debug|Any CPU
		{06CC3E5E-8743-4517-B65B-BD8FCB9C427E}.Debug|Any CPU.Build.0 = Debug|Any CPU
		{06CC3E5E-8743-4517-B65B-BD8FCB9C427E}.Release|Any CPU.ActiveCfg = Release|Any CPU
		{06CC3E5E-8743-4517-B65B-BD8FCB9C427E}.Release|Any CPU.Build.0 = Release|Any CPU
		{5F062F49-BD40-4E5F-9B92-9BB6859BD59F}.Debug|Any CPU.ActiveCfg = Debug|Any CPU
		{5F062F49-BD40-4E5F-9B92-9BB6859BD59F}.Debug|Any CPU.Build.0 = Debug|Any CPU
		{5F062F49-BD40-4E5F-9B92-9BB6859BD59F}.Release|Any CPU.ActiveCfg = Release|Any CPU
		{5F062F49-BD40-4E5F-9B92-9BB6859BD59F}.Release|Any CPU.Build.0 = Release|Any CPU
		{EBCC9062-131C-450F-82CA-7C0AAAABA534}.Debug|Any CPU.ActiveCfg = Debug|Any CPU
		{EBCC9062-131C-450F-82CA-7C0AAAABA534}.Debug|Any CPU.Build.0 = Debug|Any CPU
		{EBCC9062-131C-450F-82CA-7C0AAAABA534}.Release|Any CPU.ActiveCfg = Release|Any CPU
		{EBCC9062-131C-450F-82CA-7C0AAAABA534}.Release|Any CPU.Build.0 = Release|Any CPU
		{C2F6F932-9107-4A4C-914C-B1BE5CA8CB51}.Debug|Any CPU.ActiveCfg = Debug|Any CPU
		{C2F6F932-9107-4A4C-914C-B1BE5CA8CB51}.Debug|Any CPU.Build.0 = Debug|Any CPU
		{C2F6F932-9107-4A4C-914C-B1BE5CA8CB51}.Release|Any CPU.ActiveCfg = Release|Any CPU
		{C2F6F932-9107-4A4C-914C-B1BE5CA8CB51}.Release|Any CPU.Build.0 = Release|Any CPU
		{CFE7A2B4-8527-442C-B3C1-804F1C5BB3BB}.Debug|Any CPU.ActiveCfg = Debug|Any CPU
		{CFE7A2B4-8527-442C-B3C1-804F1C5BB3BB}.Debug|Any CPU.Build.0 = Debug|Any CPU
		{CFE7A2B4-8527-442C-B3C1-804F1C5BB3BB}.Release|Any CPU.ActiveCfg = Release|Any CPU
		{CFE7A2B4-8527-442C-B3C1-804F1C5BB3BB}.Release|Any CPU.Build.0 = Release|Any CPU
	EndGlobalSection
	GlobalSection(SolutionProperties) = preSolution
		HideSolutionNode = FALSE
	EndGlobalSection
	GlobalSection(ExtensibilityGlobals) = postSolution
		SolutionGuid = {F71BD450-9E70-415F-870D-FE3BC70DD383}
	EndGlobalSection
EndGlobal
